
Microsoft Visual Studio Solution File, Format Version 12.00
# Visual Studio 15
VisualStudioVersion = 15.0.28010.0
MinimumVisualStudioVersion = 10.0.40219.1
Project("{FAE04EC0-301F-11D3-BF4B-00C04F79EFBC}") = "OnlineMovieTicketBookingSystem_User", "OnlineMovieTicketBookingSystem_User\OnlineMovieTicketBookingSystem_User.csproj", "{E71F6D9F-A5BF-43EF-84C4-FA13FD4FBF56}"
EndProject
Global
	GlobalSection(SolutionConfigurationPlatforms) = preSolution
		Debug|Any CPU = Debug|Any CPU
		Release|Any CPU = Release|Any CPU
	EndGlobalSection
	GlobalSection(ProjectConfigurationPlatforms) = postSolution
		{E71F6D9F-A5BF-43EF-84C4-FA13FD4FBF56}.Debug|Any CPU.ActiveCfg = Debug|Any CPU
		{E71F6D9F-A5BF-43EF-84C4-FA13FD4FBF56}.Debug|Any CPU.Build.0 = Debug|Any CPU
		{E71F6D9F-A5BF-43EF-84C4-FA13FD4FBF56}.Release|Any CPU.ActiveCfg = Release|Any CPU
		{E71F6D9F-A5BF-43EF-84C4-FA13FD4FBF56}.Release|Any CPU.Build.0 = Release|Any CPU
	EndGlobalSection
	GlobalSection(SolutionProperties) = preSolution
		HideSolutionNode = FALSE
	EndGlobalSection
	GlobalSection(ExtensibilityGlobals) = postSolution
		SolutionGuid = {5CF05374-DF05-4901-8364-77B69DC4990A}
	EndGlobalSection
EndGlobal
